
Microsoft Visual Studio Solution File, Format Version 12.00
# Visual Studio Version 17
VisualStudioVersion = 17.1.32414.318
MinimumVisualStudioVersion = 10.0.40219.1
Project("{8BC9CEB8-8B4A-11D0-8D11-00A0C91BC942}") = "IFEngine", "IFEngine.vcxproj", "{6BAA7D17-2F95-4305-BD82-529F0D6CEA6A}"
EndProject
Project("{8BC9CEB8-8B4A-11D0-8D11-00A0C91BC942}") = "ImGuizmo", "External\ImGuizmo\ImGuizmo.vcxproj", "{6D401C0C-EE73-4528-81EE-A1E6256E37F5}"
EndProject
Project("{8BC9CEB8-8B4A-11D0-8D11-00A0C91BC942}") = "imgui", "External\imgui\imgui.vcxproj", "{A69B3003-489B-45AA-AC36-F34F86290425}"
EndProject
Project("{8BC9CEB8-8B4A-11D0-8D11-00A0C91BC942}") = "DirectXTex", "External\DirectXTex\DirectXTex_Desktop_2022_Win10.vcxproj", "{371B9FA9-4C90-4AC6-A123-ACED756D6C77}"
EndProject
Project("{8BC9CEB8-8B4A-11D0-8D11-00A0C91BC942}") = "assimp", "External\Assimp\code\assimp.vcxproj", "{3E5C3CF0-29CB-32E1-B4B9-2BE688518F48}"
EndProject
Project("{8BC9CEB8-8B4A-11D0-8D11-00A0C91BC942}") = "zlibstatic", "External\Assimp\contrib\zlib\zlibstatic.vcxproj", "{DC03F165-7449-3851-81CC-DA12D35FDB42}"
EndProject
Global
	GlobalSection(SolutionConfigurationPlatforms) = preSolution
		Debug|x64 = Debug|x64
		Release|x64 = Release|x64
	EndGlobalSection
	GlobalSection(ProjectConfigurationPlatforms) = postSolution
		{6BAA7D17-2F95-4305-BD82-529F0D6CEA6A}.Debug|x64.ActiveCfg = Debug|x64
		{6BAA7D17-2F95-4305-BD82-529F0D6CEA6A}.Debug|x64.Build.0 = Debug|x64
		{6BAA7D17-2F95-4305-BD82-529F0D6CEA6A}.Release|x64.ActiveCfg = Release|x64
		{6BAA7D17-2F95-4305-BD82-529F0D6CEA6A}.Release|x64.Build.0 = Release|x64
		{6D401C0C-EE73-4528-81EE-A1E6256E37F5}.Debug|x64.ActiveCfg = Debug|x64
		{6D401C0C-EE73-4528-81EE-A1E6256E37F5}.Debug|x64.Build.0 = Debug|x64
		{6D401C0C-EE73-4528-81EE-A1E6256E37F5}.Release|x64.ActiveCfg = Release|x64
		{6D401C0C-EE73-4528-81EE-A1E6256E37F5}.Release|x64.Build.0 = Release|x64
		{A69B3003-489B-45AA-AC36-F34F86290425}.Debug|x64.ActiveCfg = Debug|x64
		{A69B3003-489B-45AA-AC36-F34F86290425}.Debug|x64.Build.0 = Debug|x64
		{A69B3003-489B-45AA-AC36-F34F86290425}.Release|x64.ActiveCfg = Release|x64
		{A69B3003-489B-45AA-AC36-F34F86290425}.Release|x64.Build.0 = Release|x64
		{371B9FA9-4C90-4AC6-A123-ACED756D6C77}.Debug|x64.ActiveCfg = Debug|x64
		{371B9FA9-4C90-4AC6-A123-ACED756D6C77}.Debug|x64.Build.0 = Debug|x64
		{371B9FA9-4C90-4AC6-A123-ACED756D6C77}.Release|x64.ActiveCfg = Release|x64
		{371B9FA9-4C90-4AC6-A123-ACED756D6C77}.Release|x64.Build.0 = Release|x64
		{3E5C3CF0-29CB-32E1-B4B9-2BE688518F48}.Debug|x64.ActiveCfg = Debug|x64
		{3E5C3CF0-29CB-32E1-B4B9-2BE688518F48}.Debug|x64.Build.0 = Debug|x64
		{3E5C3CF0-29CB-32E1-B4B9-2BE688518F48}.Release|x64.ActiveCfg = Release|x64
		{3E5C3CF0-29CB-32E1-B4B9-2BE688518F48}.Release|x64.Build.0 = Release|x64
		{DC03F165-7449-3851-81CC-DA12D35FDB42}.Debug|x64.ActiveCfg = Debug|x64
		{DC03F165-7449-3851-81CC-DA12D35FDB42}.Debug|x64.Build.0 = Debug|x64
		{DC03F165-7449-3851-81CC-DA12D35FDB42}.Release|x64.ActiveCfg = Release|x64
		{DC03F165-7449-3851-81CC-DA12D35FDB42}.Release|x64.Build.0 = Release|x64
	EndGlobalSection
	GlobalSection(SolutionProperties) = preSolution
		HideSolutionNode = FALSE
	EndGlobalSection
	GlobalSection(ExtensibilityGlobals) = postSolution
		SolutionGuid = {248DB5E6-6058-43C2-ABA4-FC9159C96ADA}
	EndGlobalSection
EndGlobal
